
Microsoft Visual Studio Solution File, Format Version 12.00
# Visual Studio Version 17
VisualStudioVersion = 17.0.31903.59
MinimumVisualStudioVersion = 10.0.40219.1
Project("{FAE04EC0-301F-11D3-BF4B-00C04F79EFBC}") = "API", "API\API.csproj", "{9183BD2A-97E0-496F-95B1-EA9382113AD8}"
EndProject
Project("{FAE04EC0-301F-11D3-BF4B-00C04F79EFBC}") = "Core", "Core\Core.csproj", "{226953CE-9C23-4F03-BAE0-6D0F3EE4689C}"
EndProject
Project("{FAE04EC0-301F-11D3-BF4B-00C04F79EFBC}") = "Infrastructure", "Infrastructure\Infrastructure.csproj", "{F8A56A9F-394D-4296-9D39-33AC6C41A266}"
EndProject
Global
	GlobalSection(SolutionConfigurationPlatforms) = preSolution
		Debug|Any CPU = Debug|Any CPU
		Release|Any CPU = Release|Any CPU
	EndGlobalSection
	GlobalSection(SolutionProperties) = preSolution
		HideSolutionNode = FALSE
	EndGlobalSection
	GlobalSection(ProjectConfigurationPlatforms) = postSolution
		{9183BD2A-97E0-496F-95B1-EA9382113AD8}.Debug|Any CPU.ActiveCfg = Debug|Any CPU
		{9183BD2A-97E0-496F-95B1-EA9382113AD8}.Debug|Any CPU.Build.0 = Debug|Any CPU
		{9183BD2A-97E0-496F-95B1-EA9382113AD8}.Release|Any CPU.ActiveCfg = Release|Any CPU
		{9183BD2A-97E0-496F-95B1-EA9382113AD8}.Release|Any CPU.Build.0 = Release|Any CPU
		{226953CE-9C23-4F03-BAE0-6D0F3EE4689C}.Debug|Any CPU.ActiveCfg = Debug|Any CPU
		{226953CE-9C23-4F03-BAE0-6D0F3EE4689C}.Debug|Any CPU.Build.0 = Debug|Any CPU
		{226953CE-9C23-4F03-BAE0-6D0F3EE4689C}.Release|Any CPU.ActiveCfg = Release|Any CPU
		{226953CE-9C23-4F03-BAE0-6D0F3EE4689C}.Release|Any CPU.Build.0 = Release|Any CPU
		{F8A56A9F-394D-4296-9D39-33AC6C41A266}.Debug|Any CPU.ActiveCfg = Debug|Any CPU
		{F8A56A9F-394D-4296-9D39-33AC6C41A266}.Debug|Any CPU.Build.0 = Debug|Any CPU
		{F8A56A9F-394D-4296-9D39-33AC6C41A266}.Release|Any CPU.ActiveCfg = Release|Any CPU
		{F8A56A9F-394D-4296-9D39-33AC6C41A266}.Release|Any CPU.Build.0 = Release|Any CPU
	EndGlobalSection
EndGlobal
